
Microsoft Visual Studio Solution File, Format Version 12.00
# Visual Studio 15
VisualStudioVersion = 15.0.26430.13
MinimumVisualStudioVersion = 10.0.40219.1
Project("{FAE04EC0-301F-11D3-BF4B-00C04F79EFBC}") = "Cryptography.ECDSA.CLI.Tests", "Cryptography.ECDSA.CLI.Tests\Cryptography.ECDSA.CLI.Tests.csproj", "{5A268EC4-27AE-4847-9532-83834B5FAC18}"
EndProject
Project("{D954291E-2A0B-460D-934E-DC6B0785DB48}") = "Cryptography.ECDSA.CLI", "Cryptography.ECDSA.CLI\Cryptography.ECDSA.CLI.shproj", "{58C01553-9621-4267-82CF-6D02A79FFEE1}"
EndProject
Project("{8BC9CEB8-8B4A-11D0-8D11-00A0C91BC942}") = "Secp256k1.CLI", "Secp256k1.CLI\Secp256k1.CLI.vcxproj", "{0E3071CF-137F-4414-A58E-20F230548254}"
EndProject
Global
	GlobalSection(SharedMSBuildProjectFiles) = preSolution
		Cryptography.ECDSA.CLI\Cryptography.ECDSA.CLI.projitems*{58c01553-9621-4267-82cf-6d02a79ffee1}*SharedItemsImports = 13
		Cryptography.ECDSA.CLI\Cryptography.ECDSA.CLI.projitems*{5a268ec4-27ae-4847-9532-83834b5fac18}*SharedItemsImports = 4
	EndGlobalSection
	GlobalSection(SolutionConfigurationPlatforms) = preSolution
		Debug|Any CPU = Debug|Any CPU
		Debug|x64 = Debug|x64
		Debug|x86 = Debug|x86
		Release|Any CPU = Release|Any CPU
		Release|x64 = Release|x64
		Release|x86 = Release|x86
	EndGlobalSection
	GlobalSection(ProjectConfigurationPlatforms) = postSolution
		{5A268EC4-27AE-4847-9532-83834B5FAC18}.Debug|Any CPU.ActiveCfg = Debug|Any CPU
		{5A268EC4-27AE-4847-9532-83834B5FAC18}.Debug|Any CPU.Build.0 = Debug|Any CPU
		{5A268EC4-27AE-4847-9532-83834B5FAC18}.Debug|x64.ActiveCfg = Debug|Any CPU
		{5A268EC4-27AE-4847-9532-83834B5FAC18}.Debug|x64.Build.0 = Debug|Any CPU
		{5A268EC4-27AE-4847-9532-83834B5FAC18}.Debug|x86.ActiveCfg = Debug|Any CPU
		{5A268EC4-27AE-4847-9532-83834B5FAC18}.Debug|x86.Build.0 = Debug|Any CPU
		{5A268EC4-27AE-4847-9532-83834B5FAC18}.Release|Any CPU.ActiveCfg = Release|Any CPU
		{5A268EC4-27AE-4847-9532-83834B5FAC18}.Release|Any CPU.Build.0 = Release|Any CPU
		{5A268EC4-27AE-4847-9532-83834B5FAC18}.Release|x64.ActiveCfg = Release|Any CPU
		{5A268EC4-27AE-4847-9532-83834B5FAC18}.Release|x64.Build.0 = Release|Any CPU
		{5A268EC4-27AE-4847-9532-83834B5FAC18}.Release|x86.ActiveCfg = Release|Any CPU
		{5A268EC4-27AE-4847-9532-83834B5FAC18}.Release|x86.Build.0 = Release|Any CPU
		{0E3071CF-137F-4414-A58E-20F230548254}.Debug|Any CPU.ActiveCfg = Debug|Win32
		{0E3071CF-137F-4414-A58E-20F230548254}.Debug|x64.ActiveCfg = Debug|x64
		{0E3071CF-137F-4414-A58E-20F230548254}.Debug|x86.ActiveCfg = Debug|Win32
		{0E3071CF-137F-4414-A58E-20F230548254}.Release|Any CPU.ActiveCfg = Release|Win32
		{0E3071CF-137F-4414-A58E-20F230548254}.Release|x64.ActiveCfg = Release|x64
		{0E3071CF-137F-4414-A58E-20F230548254}.Release|x86.ActiveCfg = Release|Win32
	EndGlobalSection
	GlobalSection(SolutionProperties) = preSolution
		HideSolutionNode = FALSE
	EndGlobalSection
EndGlobal
